
Microsoft Visual Studio Solution File, Format Version 12.00
# Visual Studio Version 16
VisualStudioVersion = 16.0.29326.143
MinimumVisualStudioVersion = 10.0.40219.1
Project("{9A19103F-16F7-4668-BE54-9A1E7A4F7556}") = "PoweredSoft.DynamicQuery.Core", "PoweredSoft.DynamicQuery.Core\PoweredSoft.DynamicQuery.Core.csproj", "{E614658D-6852-4405-B5BE-3695C3E96B13}"
EndProject
Project("{9A19103F-16F7-4668-BE54-9A1E7A4F7556}") = "PoweredSoft.DynamicQuery", "PoweredSoft.DynamicQuery\PoweredSoft.DynamicQuery.csproj", "{A9F74387-6B09-423A-96BC-F8FF345193EE}"
EndProject
Project("{9A19103F-16F7-4668-BE54-9A1E7A4F7556}") = "PoweredSoft.DynamicQuery.Cli", "PoweredSoft.DynamicQuery.Cli\PoweredSoft.DynamicQuery.Cli.csproj", "{7FC0F790-A8B9-4335-8D72-09797DEB0359}"
EndProject
Project("{2150E333-8FDC-42A3-9474-1A3956D46DE8}") = "Solution Items", "Solution Items", "{BD742C81-D26A-466C-AB9B-840996D59FA6}"
	ProjectSection(SolutionItems) = preProject
		LICENSE.md = LICENSE.md
		README.md = README.md
	EndProjectSection
EndProject
Project("{9A19103F-16F7-4668-BE54-9A1E7A4F7556}") = "PoweredSoft.DynamicQuery.Test", "PoweredSoft.DynamicQuery.Test\PoweredSoft.DynamicQuery.Test.csproj", "{3EAD8217-8E10-4261-9055-50444905922C}"
EndProject
Project("{9A19103F-16F7-4668-BE54-9A1E7A4F7556}") = "PoweredSoft.DynamicQuery.AspNetCore", "PoweredSoft.DynamicQuery.AspNetCore\PoweredSoft.DynamicQuery.AspNetCore.csproj", "{DF58BD18-AB47-4018-B1EA-D1118D93B408}"
EndProject
Project("{9A19103F-16F7-4668-BE54-9A1E7A4F7556}") = "PoweredSoft.DynamicQuery.NewtonsoftJson", "PoweredSoft.DynamicQuery.NewtonsoftJson\PoweredSoft.DynamicQuery.NewtonsoftJson.csproj", "{201D7ACB-E11A-47EE-80F6-3F6BFB947DCA}"
EndProject
Project("{9A19103F-16F7-4668-BE54-9A1E7A4F7556}") = "PoweredSoft.DynamicQuery.System.Text.Json", "PoweredSoft.DynamicQuery.System.Text.Json\PoweredSoft.DynamicQuery.System.Text.Json.csproj", "{552D67DD-AAB4-4D99-A067-08A593221C84}"
EndProject
Project("{FAE04EC0-301F-11D3-BF4B-00C04F79EFBC}") = "PoweredSoft.DynamicQuery.AspNetCore.NewtonsoftJson", "PoweredSoft.DynamicQuery.AspNetCore.NewtonsoftJson\PoweredSoft.DynamicQuery.AspNetCore.NewtonsoftJson.csproj", "{7BBEEE93-A3DB-443B-8254-E148AC9663EA}"
EndProject
Global
	GlobalSection(SolutionConfigurationPlatforms) = preSolution
		Debug|Any CPU = Debug|Any CPU
		Release|Any CPU = Release|Any CPU
	EndGlobalSection
	GlobalSection(ProjectConfigurationPlatforms) = postSolution
		{E614658D-6852-4405-B5BE-3695C3E96B13}.Debug|Any CPU.ActiveCfg = Debug|Any CPU
		{E614658D-6852-4405-B5BE-3695C3E96B13}.Debug|Any CPU.Build.0 = Debug|Any CPU
		{E614658D-6852-4405-B5BE-3695C3E96B13}.Release|Any CPU.ActiveCfg = Release|Any CPU
		{E614658D-6852-4405-B5BE-3695C3E96B13}.Release|Any CPU.Build.0 = Release|Any CPU
		{A9F74387-6B09-423A-96BC-F8FF345193EE}.Debug|Any CPU.ActiveCfg = Debug|Any CPU
		{A9F74387-6B09-423A-96BC-F8FF345193EE}.Debug|Any CPU.Build.0 = Debug|Any CPU
		{A9F74387-6B09-423A-96BC-F8FF345193EE}.Release|Any CPU.ActiveCfg = Release|Any CPU
		{A9F74387-6B09-423A-96BC-F8FF345193EE}.Release|Any CPU.Build.0 = Release|Any CPU
		{7FC0F790-A8B9-4335-8D72-09797DEB0359}.Debug|Any CPU.ActiveCfg = Debug|Any CPU
		{7FC0F790-A8B9-4335-8D72-09797DEB0359}.Debug|Any CPU.Build.0 = Debug|Any CPU
		{7FC0F790-A8B9-4335-8D72-09797DEB0359}.Release|Any CPU.ActiveCfg = Release|Any CPU
		{7FC0F790-A8B9-4335-8D72-09797DEB0359}.Release|Any CPU.Build.0 = Release|Any CPU
		{3EAD8217-8E10-4261-9055-50444905922C}.Debug|Any CPU.ActiveCfg = Debug|Any CPU
		{3EAD8217-8E10-4261-9055-50444905922C}.Debug|Any CPU.Build.0 = Debug|Any CPU
		{3EAD8217-8E10-4261-9055-50444905922C}.Release|Any CPU.ActiveCfg = Release|Any CPU
		{3EAD8217-8E10-4261-9055-50444905922C}.Release|Any CPU.Build.0 = Release|Any CPU
		{DF58BD18-AB47-4018-B1EA-D1118D93B408}.Debug|Any CPU.ActiveCfg = Debug|Any CPU
		{DF58BD18-AB47-4018-B1EA-D1118D93B408}.Debug|Any CPU.Build.0 = Debug|Any CPU
		{DF58BD18-AB47-4018-B1EA-D1118D93B408}.Release|Any CPU.ActiveCfg = Release|Any CPU
		{DF58BD18-AB47-4018-B1EA-D1118D93B408}.Release|Any CPU.Build.0 = Release|Any CPU
		{201D7ACB-E11A-47EE-80F6-3F6BFB947DCA}.Debug|Any CPU.ActiveCfg = Debug|Any CPU
		{201D7ACB-E11A-47EE-80F6-3F6BFB947DCA}.Debug|Any CPU.Build.0 = Debug|Any CPU
		{201D7ACB-E11A-47EE-80F6-3F6BFB947DCA}.Release|Any CPU.ActiveCfg = Release|Any CPU
		{201D7ACB-E11A-47EE-80F6-3F6BFB947DCA}.Release|Any CPU.Build.0 = Release|Any CPU
		{552D67DD-AAB4-4D99-A067-08A593221C84}.Debug|Any CPU.ActiveCfg = Debug|Any CPU
		{552D67DD-AAB4-4D99-A067-08A593221C84}.Debug|Any CPU.Build.0 = Debug|Any CPU
		{552D67DD-AAB4-4D99-A067-08A593221C84}.Release|Any CPU.ActiveCfg = Release|Any CPU
		{552D67DD-AAB4-4D99-A067-08A593221C84}.Release|Any CPU.Build.0 = Release|Any CPU
		{7BBEEE93-A3DB-443B-8254-E148AC9663EA}.Debug|Any CPU.ActiveCfg = Debug|Any CPU
		{7BBEEE93-A3DB-443B-8254-E148AC9663EA}.Debug|Any CPU.Build.0 = Debug|Any CPU
		{7BBEEE93-A3DB-443B-8254-E148AC9663EA}.Release|Any CPU.ActiveCfg = Release|Any CPU
		{7BBEEE93-A3DB-443B-8254-E148AC9663EA}.Release|Any CPU.Build.0 = Release|Any CPU
	EndGlobalSection
	GlobalSection(SolutionProperties) = preSolution
		HideSolutionNode = FALSE
	EndGlobalSection
	GlobalSection(ExtensibilityGlobals) = postSolution
		SolutionGuid = {3770CB3C-28E4-4C15-A537-4DA38CFBA4F3}
	EndGlobalSection
EndGlobal
